{
  "name": "chess-bot",
  "version": "1.0.0",
  "lockfileVersion": 2,
  "requires": true,
  "packages": {
    "": {
      "name": "chess-bot",
      "version": "1.0.0",
      "license": "ISC",
      "dependencies": {
        "@ninjapixel/chess": "^1.0.0",
        "chess": "^1.1.0",
        "yalls": "^0.6.1"
      }
    },
    "node_modules/@ninjapixel/chess": {
      "version": "1.0.0",
      "resolved": "https://registry.npmjs.org/@ninjapixel/chess/-/chess-1.0.0.tgz",
      "integrity": "sha512-wxFNAgN71pk/eOGyodqucxlCqFjb1/yoC5fkj6uwGQp/voZ/EAb9dVsepQprDryv315wLQoDAMPK34GwdyZTDQ=="
    },
    "node_modules/chess": {
      "version": "1.1.0",
      "resolved": "https://registry.npmjs.org/chess/-/chess-1.1.0.tgz",
      "integrity": "sha512-Eeyd4eAPqvUeTEzIMtXNJ32iXlDDhK8uNlJG3YbABwAsPEesq8VwOD48Uv+V65WHZbwm/nJkHLogmgmtpPpLvw=="
    },
    "node_modules/yaclc": {
      "version": "1.0.0",
      "resolved": "https://registry.npmjs.org/yaclc/-/yaclc-1.0.0.tgz",
      "integrity": "sha512-2s3nHnvDTm4FecJ/0HiofwuCABTYfWHx3Ljeia4geBbgCz+R5D/MlXTmcaGbY91iOd0mH09BGWPcvRMWLRFAHQ==",
      "engines": {
        "node": ">=16"
      }
    },
    "node_modules/yalls": {
      "version": "0.6.1",
      "resolved": "https://registry.npmjs.org/yalls/-/yalls-0.6.1.tgz",
      "integrity": "sha512-2pV6gcx85xGmmBZZ6/dX3JxCBjo72Maw5aw/gLbFP8hzL0FolqqIGGpdDy2nwV2ygK5RacdEw3Tp1S+efce0Vg==",
      "dependencies": {
        "yaclc": "^1.0.0"
      },
      "engines": {
        "node": ">=16"
      }
    }
  },
  "dependencies": {
    "@ninjapixel/chess": {
      "version": "1.0.0",
      "resolved": "https://registry.npmjs.org/@ninjapixel/chess/-/chess-1.0.0.tgz",
      "integrity": "sha512-wxFNAgN71pk/eOGyodqucxlCqFjb1/yoC5fkj6uwGQp/voZ/EAb9dVsepQprDryv315wLQoDAMPK34GwdyZTDQ=="
    },
    "chess": {
      "version": "1.1.0",
      "resolved": "https://registry.npmjs.org/chess/-/chess-1.1.0.tgz",
      "integrity": "sha512-Eeyd4eAPqvUeTEzIMtXNJ32iXlDDhK8uNlJG3YbABwAsPEesq8VwOD48Uv+V65WHZbwm/nJkHLogmgmtpPpLvw=="
    },
    "yaclc": {
      "version": "1.0.0",
      "resolved": "https://registry.npmjs.org/yaclc/-/yaclc-1.0.0.tgz",
      "integrity": "sha512-2s3nHnvDTm4FecJ/0HiofwuCABTYfWHx3Ljeia4geBbgCz+R5D/MlXTmcaGbY91iOd0mH09BGWPcvRMWLRFAHQ=="
    },
    "yalls": {
      "version": "0.6.1",
      "resolved": "https://registry.npmjs.org/yalls/-/yalls-0.6.1.tgz",
      "integrity": "sha512-2pV6gcx85xGmmBZZ6/dX3JxCBjo72Maw5aw/gLbFP8hzL0FolqqIGGpdDy2nwV2ygK5RacdEw3Tp1S+efce0Vg==",
      "requires": {
        "yaclc": "^1.0.0"
      }
    }
  }
}
